// !$*UTF8*$!
{
	archiveVersion = 1;
	classes = {
	};
	objectVersion = 46;
	objects = {

/* Begin PBXBuildFile section */
		15B261D3CDB6D3786F739936 /* libPods.a in Frameworks */ = {isa = PBXBuildFile; fileRef = 0087DEE122753755F6299178 /* libPods.a */; };
		1909273D1A9FADD0002957C7 /* LoginViewController.m in Sources */ = {isa = PBXBuildFile; fileRef = 1909273C1A9FADD0002957C7 /* LoginViewController.m */; };
		190928591AA52D6600BB2F7A /* ComposeCommentView.m in Sources */ = {isa = PBXBuildFile; fileRef = 190928581AA52D6600BB2F7A /* ComposeCommentView.m */; };
		191D41881AA63E60005C3F8A /* CameraToolbar.m in Sources */ = {isa = PBXBuildFile; fileRef = 191D41871AA63E60005C3F8A /* CameraToolbar.m */; };
		191D418B1AA646B5005C3F8A /* CameraViewController.m in Sources */ = {isa = PBXBuildFile; fileRef = 191D418A1AA646B5005C3F8A /* CameraViewController.m */; };
		191D418E1AA67474005C3F8A /* UIImage+ImageUtilities.m in Sources */ = {isa = PBXBuildFile; fileRef = 191D418D1AA67474005C3F8A /* UIImage+ImageUtilities.m */; };
		191D41911AA6D991005C3F8A /* CropBox.m in Sources */ = {isa = PBXBuildFile; fileRef = 191D41901AA6D991005C3F8A /* CropBox.m */; };
		191D41941AA6DD30005C3F8A /* CropImageViewController.m in Sources */ = {isa = PBXBuildFile; fileRef = 191D41931AA6DD30005C3F8A /* CropImageViewController.m */; };
		191D41971AA6DF46005C3F8A /* ImageLibraryViewController.m in Sources */ = {isa = PBXBuildFile; fileRef = 191D41961AA6DF46005C3F8A /* ImageLibraryViewController.m */; };
		1937D54B1A9C4EB400DABD73 /* MediaTableViewCell.m in Sources */ = {isa = PBXBuildFile; fileRef = 1937D54A1A9C4EB400DABD73 /* MediaTableViewCell.m */; };
		1952DBBB1AA2FA590074DD5A /* MediaFullScreenAnimator.m in Sources */ = {isa = PBXBuildFile; fileRef = 1952DBBA1AA2FA590074DD5A /* MediaFullScreenAnimator.m */; };
		195A2F891A9BBC4800E0D92F /* main.m in Sources */ = {isa = PBXBuildFile; fileRef = 195A2F881A9BBC4800E0D92F /* main.m */; };
		195A2F8C1A9BBC4800E0D92F /* AppDelegate.m in Sources */ = {isa = PBXBuildFile; fileRef = 195A2F8B1A9BBC4800E0D92F /* AppDelegate.m */; };
		195A2F8F1A9BBC4800E0D92F /* ViewController.m in Sources */ = {isa = PBXBuildFile; fileRef = 195A2F8E1A9BBC4800E0D92F /* ViewController.m */; };
		195A2F941A9BBC4800E0D92F /* Images.xcassets in Resources */ = {isa = PBXBuildFile; fileRef = 195A2F931A9BBC4800E0D92F /* Images.xcassets */; };
		195A2F971A9BBC4800E0D92F /* LaunchScreen.xib in Resources */ = {isa = PBXBuildFile; fileRef = 195A2F951A9BBC4800E0D92F /* LaunchScreen.xib */; };
		195A2FA31A9BBC4800E0D92F /* BlocstagramTests.m in Sources */ = {isa = PBXBuildFile; fileRef = 195A2FA21A9BBC4800E0D92F /* BlocstagramTests.m */; };
		195A2FB71A9BBD2A00E0D92F /* 1.jpg in Resources */ = {isa = PBXBuildFile; fileRef = 195A2FAD1A9BBD2A00E0D92F /* 1.jpg */; };
		195A2FB81A9BBD2A00E0D92F /* 2.jpg in Resources */ = {isa = PBXBuildFile; fileRef = 195A2FAE1A9BBD2A00E0D92F /* 2.jpg */; };
		195A2FB91A9BBD2A00E0D92F /* 3.jpg in Resources */ = {isa = PBXBuildFile; fileRef = 195A2FAF1A9BBD2A00E0D92F /* 3.jpg */; };
		195A2FBA1A9BBD2A00E0D92F /* 4.jpg in Resources */ = {isa = PBXBuildFile; fileRef = 195A2FB01A9BBD2A00E0D92F /* 4.jpg */; };
		195A2FBB1A9BBD2A00E0D92F /* 5.jpg in Resources */ = {isa = PBXBuildFile; fileRef = 195A2FB11A9BBD2A00E0D92F /* 5.jpg */; };
		195A2FBC1A9BBD2A00E0D92F /* 6.jpg in Resources */ = {isa = PBXBuildFile; fileRef = 195A2FB21A9BBD2A00E0D92F /* 6.jpg */; };
		195A2FBD1A9BBD2A00E0D92F /* 7.jpg in Resources */ = {isa = PBXBuildFile; fileRef = 195A2FB31A9BBD2A00E0D92F /* 7.jpg */; };
		195A2FBE1A9BBD2A00E0D92F /* 8.jpg in Resources */ = {isa = PBXBuildFile; fileRef = 195A2FB41A9BBD2A00E0D92F /* 8.jpg */; };
		195A2FBF1A9BBD2A00E0D92F /* 9.jpg in Resources */ = {isa = PBXBuildFile; fileRef = 195A2FB51A9BBD2A00E0D92F /* 9.jpg */; };
		195A2FC01A9BBD2A00E0D92F /* 10.jpg in Resources */ = {isa = PBXBuildFile; fileRef = 195A2FB61A9BBD2A00E0D92F /* 10.jpg */; };
		195A2FC31A9BBD7C00E0D92F /* ImagesTableViewController.m in Sources */ = {isa = PBXBuildFile; fileRef = 195A2FC21A9BBD7C00E0D92F /* ImagesTableViewController.m */; };
		195A2FC61A9BD33F00E0D92F /* User.m in Sources */ = {isa = PBXBuildFile; fileRef = 195A2FC51A9BD33F00E0D92F /* User.m */; };
		195A2FC91A9BD40400E0D92F /* Media.m in Sources */ = {isa = PBXBuildFile; fileRef = 195A2FC81A9BD40400E0D92F /* Media.m */; };
		195A2FCC1A9BD51C00E0D92F /* Comment.m in Sources */ = {isa = PBXBuildFile; fileRef = 195A2FCB1A9BD51C00E0D92F /* Comment.m */; };
		195A2FCF1A9BD60F00E0D92F /* DataSource.m in Sources */ = {isa = PBXBuildFile; fileRef = 195A2FCE1A9BD60F00E0D92F /* DataSource.m */; };
		195A85AA1AA2E59C00CA5CD6 /* MediaFullScreenViewController.m in Sources */ = {isa = PBXBuildFile; fileRef = 195A85A91AA2E59C00CA5CD6 /* MediaFullScreenViewController.m */; };
		19FCDED11AA4E5DE004142AD /* CircleSpinnerView.m in Sources */ = {isa = PBXBuildFile; fileRef = 19FCDED01AA4E5DD004142AD /* CircleSpinnerView.m */; };
		19FCDED41AA4EFF5004142AD /* LikeButton.m in Sources */ = {isa = PBXBuildFile; fileRef = 19FCDED31AA4EFF5004142AD /* LikeButton.m */; };
		19FD681F1AA7B9BA00C1A977 /* PostToInstagramViewController.m in Sources */ = {isa = PBXBuildFile; fileRef = 19FD681E1AA7B9BA00C1A977 /* PostToInstagramViewController.m */; };
		19FD68211AA7E23500C1A977 /* UserTest.m in Sources */ = {isa = PBXBuildFile; fileRef = 19FD68201AA7E23500C1A977 /* UserTest.m */; };
		19FD68231AA7E5BC00C1A977 /* CommentTests.m in Sources */ = {isa = PBXBuildFile; fileRef = 19FD68221AA7E5BC00C1A977 /* CommentTests.m */; };
		19FD68251AA7E69A00C1A977 /* MediaTests.m in Sources */ = {isa = PBXBuildFile; fileRef = 19FD68241AA7E69A00C1A977 /* MediaTests.m */; };
		19FD68271AA813A900C1A977 /* ComposeCommentViewTest.m in Sources */ = {isa = PBXBuildFile; fileRef = 19FD68261AA813A900C1A977 /* ComposeCommentViewTest.m */; };
		19FD68291AA815BB00C1A977 /* MediaTableViewCellTest.m in Sources */ = {isa = PBXBuildFile; fileRef = 19FD68281AA815BB00C1A977 /* MediaTableViewCellTest.m */; };
/* End PBXBuildFile section */

/* Begin PBXContainerItemProxy section */
		195A2F9D1A9BBC4800E0D92F /* PBXContainerItemProxy */ = {
			isa = PBXContainerItemProxy;
			containerPortal = 195A2F7B1A9BBC4800E0D92F /* Project object */;
			proxyType = 1;
			remoteGlobalIDString = 195A2F821A9BBC4800E0D92F;
			remoteInfo = Blocstagram;
		};
/* End PBXContainerItemProxy section */

/* Begin PBXFileReference section */
		0087DEE122753755F6299178 /* libPods.a */ = {isa = PBXFileReference; explicitFileType = archive.ar; includeInIndex = 0; path = libPods.a; sourceTree = BUILT_PRODUCTS_DIR; };
		1909273B1A9FADD0002957C7 /* LoginViewController.h */ = {isa = PBXFileReference; fileEncoding = 4; lastKnownFileType = sourcecode.c.h; path = LoginViewController.h; sourceTree = "<group>"; };
		1909273C1A9FADD0002957C7 /* LoginViewController.m */ = {isa = PBXFileReference; fileEncoding = 4; lastKnownFileType = sourcecode.c.objc; path = LoginViewController.m; sourceTree = "<group>"; };
		190928571AA52D6600BB2F7A /* ComposeCommentView.h */ = {isa = PBXFileReference; fileEncoding = 4; lastKnownFileType = sourcecode.c.h; path = ComposeCommentView.h; sourceTree = "<group>"; };
		190928581AA52D6600BB2F7A /* ComposeCommentView.m */ = {isa = PBXFileReference; fileEncoding = 4; lastKnownFileType = sourcecode.c.objc; path = ComposeCommentView.m; sourceTree = "<group>"; };
		191D41861AA63E60005C3F8A /* CameraToolbar.h */ = {isa = PBXFileReference; fileEncoding = 4; lastKnownFileType = sourcecode.c.h; path = CameraToolbar.h; sourceTree = "<group>"; };
		191D41871AA63E60005C3F8A /* CameraToolbar.m */ = {isa = PBXFileReference; fileEncoding = 4; lastKnownFileType = sourcecode.c.objc; path = CameraToolbar.m; sourceTree = "<group>"; };
		191D41891AA646B5005C3F8A /* CameraViewController.h */ = {isa = PBXFileReference; fileEncoding = 4; lastKnownFileType = sourcecode.c.h; path = CameraViewController.h; sourceTree = "<group>"; };
		191D418A1AA646B5005C3F8A /* CameraViewController.m */ = {isa = PBXFileReference; fileEncoding = 4; lastKnownFileType = sourcecode.c.objc; path = CameraViewController.m; sourceTree = "<group>"; };
		191D418C1AA67474005C3F8A /* UIImage+ImageUtilities.h */ = {isa = PBXFileReference; fileEncoding = 4; lastKnownFileType = sourcecode.c.h; path = "UIImage+ImageUtilities.h"; sourceTree = "<group>"; };
		191D418D1AA67474005C3F8A /* UIImage+ImageUtilities.m */ = {isa = PBXFileReference; fileEncoding = 4; lastKnownFileType = sourcecode.c.objc; path = "UIImage+ImageUtilities.m"; sourceTree = "<group>"; };
		191D418F1AA6D991005C3F8A /* CropBox.h */ = {isa = PBXFileReference; fileEncoding = 4; lastKnownFileType = sourcecode.c.h; path = CropBox.h; sourceTree = "<group>"; };
		191D41901AA6D991005C3F8A /* CropBox.m */ = {isa = PBXFileReference; fileEncoding = 4; lastKnownFileType = sourcecode.c.objc; path = CropBox.m; sourceTree = "<group>"; };
		191D41921AA6DD30005C3F8A /* CropImageViewController.h */ = {isa = PBXFileReference; fileEncoding = 4; lastKnownFileType = sourcecode.c.h; path = CropImageViewController.h; sourceTree = "<group>"; };
		191D41931AA6DD30005C3F8A /* CropImageViewController.m */ = {isa = PBXFileReference; fileEncoding = 4; lastKnownFileType = sourcecode.c.objc; path = CropImageViewController.m; sourceTree = "<group>"; };
		191D41951AA6DF46005C3F8A /* ImageLibraryViewController.h */ = {isa = PBXFileReference; fileEncoding = 4; lastKnownFileType = sourcecode.c.h; path = ImageLibraryViewController.h; sourceTree = "<group>"; };
		191D41961AA6DF46005C3F8A /* ImageLibraryViewController.m */ = {isa = PBXFileReference; fileEncoding = 4; lastKnownFileType = sourcecode.c.objc; path = ImageLibraryViewController.m; sourceTree = "<group>"; };
		1937D5491A9C4EB400DABD73 /* MediaTableViewCell.h */ = {isa = PBXFileReference; fileEncoding = 4; lastKnownFileType = sourcecode.c.h; path = MediaTableViewCell.h; sourceTree = "<group>"; };
		1937D54A1A9C4EB400DABD73 /* MediaTableViewCell.m */ = {isa = PBXFileReference; fileEncoding = 4; lastKnownFileType = sourcecode.c.objc; path = MediaTableViewCell.m; sourceTree = "<group>"; };
		1952DBB91AA2FA590074DD5A /* MediaFullScreenAnimator.h */ = {isa = PBXFileReference; fileEncoding = 4; lastKnownFileType = sourcecode.c.h; path = MediaFullScreenAnimator.h; sourceTree = "<group>"; };
		1952DBBA1AA2FA590074DD5A /* MediaFullScreenAnimator.m */ = {isa = PBXFileReference; fileEncoding = 4; lastKnownFileType = sourcecode.c.objc; path = MediaFullScreenAnimator.m; sourceTree = "<group>"; };
		195A2F831A9BBC4800E0D92F /* Blocstagram.app */ = {isa = PBXFileReference; explicitFileType = wrapper.application; includeInIndex = 0; path = Blocstagram.app; sourceTree = BUILT_PRODUCTS_DIR; };
		195A2F871A9BBC4800E0D92F /* Info.plist */ = {isa = PBXFileReference; lastKnownFileType = text.plist.xml; path = Info.plist; sourceTree = "<group>"; };
		195A2F881A9BBC4800E0D92F /* main.m */ = {isa = PBXFileReference; lastKnownFileType = sourcecode.c.objc; path = main.m; sourceTree = "<group>"; };
		195A2F8A1A9BBC4800E0D92F /* AppDelegate.h */ = {isa = PBXFileReference; lastKnownFileType = sourcecode.c.h; path = AppDelegate.h; sourceTree = "<group>"; };
		195A2F8B1A9BBC4800E0D92F /* AppDelegate.m */ = {isa = PBXFileReference; lastKnownFileType = sourcecode.c.objc; path = AppDelegate.m; sourceTree = "<group>"; };
		195A2F8D1A9BBC4800E0D92F /* ViewController.h */ = {isa = PBXFileReference; lastKnownFileType = sourcecode.c.h; path = ViewController.h; sourceTree = "<group>"; };
		195A2F8E1A9BBC4800E0D92F /* ViewController.m */ = {isa = PBXFileReference; lastKnownFileType = sourcecode.c.objc; path = ViewController.m; sourceTree = "<group>"; };
		195A2F931A9BBC4800E0D92F /* Images.xcassets */ = {isa = PBXFileReference; lastKnownFileType = folder.assetcatalog; path = Images.xcassets; sourceTree = "<group>"; };
		195A2F961A9BBC4800E0D92F /* Base */ = {isa = PBXFileReference; lastKnownFileType = file.xib; name = Base; path = Base.lproj/LaunchScreen.xib; sourceTree = "<group>"; };
		195A2F9C1A9BBC4800E0D92F /* BlocstagramTests.xctest */ = {isa = PBXFileReference; explicitFileType = wrapper.cfbundle; includeInIndex = 0; path = BlocstagramTests.xctest; sourceTree = BUILT_PRODUCTS_DIR; };
		195A2FA11A9BBC4800E0D92F /* Info.plist */ = {isa = PBXFileReference; lastKnownFileType = text.plist.xml; path = Info.plist; sourceTree = "<group>"; };
		195A2FA21A9BBC4800E0D92F /* BlocstagramTests.m */ = {isa = PBXFileReference; lastKnownFileType = sourcecode.c.objc; path = BlocstagramTests.m; sourceTree = "<group>"; };
		195A2FAD1A9BBD2A00E0D92F /* 1.jpg */ = {isa = PBXFileReference; lastKnownFileType = image.jpeg; path = 1.jpg; sourceTree = "<group>"; };
		195A2FAE1A9BBD2A00E0D92F /* 2.jpg */ = {isa = PBXFileReference; lastKnownFileType = image.jpeg; path = 2.jpg; sourceTree = "<group>"; };
		195A2FAF1A9BBD2A00E0D92F /* 3.jpg */ = {isa = PBXFileReference; lastKnownFileType = image.jpeg; path = 3.jpg; sourceTree = "<group>"; };
		195A2FB01A9BBD2A00E0D92F /* 4.jpg */ = {isa = PBXFileReference; lastKnownFileType = image.jpeg; path = 4.jpg; sourceTree = "<group>"; };
		195A2FB11A9BBD2A00E0D92F /* 5.jpg */ = {isa = PBXFileReference; lastKnownFileType = image.jpeg; path = 5.jpg; sourceTree = "<group>"; };
		195A2FB21A9BBD2A00E0D92F /* 6.jpg */ = {isa = PBXFileReference; lastKnownFileType = image.jpeg; path = 6.jpg; sourceTree = "<group>"; };
		195A2FB31A9BBD2A00E0D92F /* 7.jpg */ = {isa = PBXFileReference; lastKnownFileType = image.jpeg; path = 7.jpg; sourceTree = "<group>"; };
		195A2FB41A9BBD2A00E0D92F /* 8.jpg */ = {isa = PBXFileReference; lastKnownFileType = image.jpeg; path = 8.jpg; sourceTree = "<group>"; };
		195A2FB51A9BBD2A00E0D92F /* 9.jpg */ = {isa = PBXFileReference; lastKnownFileType = image.jpeg; path = 9.jpg; sourceTree = "<group>"; };
		195A2FB61A9BBD2A00E0D92F /* 10.jpg */ = {isa = PBXFileReference; lastKnownFileType = image.jpeg; path = 10.jpg; sourceTree = "<group>"; };
		195A2FC11A9BBD7C00E0D92F /* ImagesTableViewController.h */ = {isa = PBXFileReference; fileEncoding = 4; lastKnownFileType = sourcecode.c.h; name = ImagesTableViewController.h; path = ../ImagesTableViewController.h; sourceTree = "<group>"; };
		195A2FC21A9BBD7C00E0D92F /* ImagesTableViewController.m */ = {isa = PBXFileReference; fileEncoding = 4; lastKnownFileType = sourcecode.c.objc; name = ImagesTableViewController.m; path = ../ImagesTableViewController.m; sourceTree = "<group>"; };
		195A2FC41A9BD33F00E0D92F /* User.h */ = {isa = PBXFileReference; fileEncoding = 4; lastKnownFileType = sourcecode.c.h; path = User.h; sourceTree = "<group>"; };
		195A2FC51A9BD33F00E0D92F /* User.m */ = {isa = PBXFileReference; fileEncoding = 4; lastKnownFileType = sourcecode.c.objc; path = User.m; sourceTree = "<group>"; };
		195A2FC71A9BD40400E0D92F /* Media.h */ = {isa = PBXFileReference; fileEncoding = 4; lastKnownFileType = sourcecode.c.h; path = Media.h; sourceTree = "<group>"; };
		195A2FC81A9BD40400E0D92F /* Media.m */ = {isa = PBXFileReference; fileEncoding = 4; lastKnownFileType = sourcecode.c.objc; path = Media.m; sourceTree = "<group>"; };
		195A2FCA1A9BD51C00E0D92F /* Comment.h */ = {isa = PBXFileReference; fileEncoding = 4; lastKnownFileType = sourcecode.c.h; path = Comment.h; sourceTree = "<group>"; };
		195A2FCB1A9BD51C00E0D92F /* Comment.m */ = {isa = PBXFileReference; fileEncoding = 4; lastKnownFileType = sourcecode.c.objc; path = Comment.m; sourceTree = "<group>"; };
		195A2FCD1A9BD60F00E0D92F /* DataSource.h */ = {isa = PBXFileReference; fileEncoding = 4; lastKnownFileType = sourcecode.c.h; path = DataSource.h; sourceTree = "<group>"; };
		195A2FCE1A9BD60F00E0D92F /* DataSource.m */ = {isa = PBXFileReference; fileEncoding = 4; lastKnownFileType = sourcecode.c.objc; path = DataSource.m; sourceTree = "<group>"; };
		195A85A81AA2E59C00CA5CD6 /* MediaFullScreenViewController.h */ = {isa = PBXFileReference; fileEncoding = 4; lastKnownFileType = sourcecode.c.h; path = MediaFullScreenViewController.h; sourceTree = "<group>"; };
		195A85A91AA2E59C00CA5CD6 /* MediaFullScreenViewController.m */ = {isa = PBXFileReference; fileEncoding = 4; lastKnownFileType = sourcecode.c.objc; path = MediaFullScreenViewController.m; sourceTree = "<group>"; };
		19FCDECF1AA4E5DD004142AD /* CircleSpinnerView.h */ = {isa = PBXFileReference; fileEncoding = 4; lastKnownFileType = sourcecode.c.h; path = CircleSpinnerView.h; sourceTree = "<group>"; };
		19FCDED01AA4E5DD004142AD /* CircleSpinnerView.m */ = {isa = PBXFileReference; fileEncoding = 4; lastKnownFileType = sourcecode.c.objc; path = CircleSpinnerView.m; sourceTree = "<group>"; };
		19FCDED21AA4EFF5004142AD /* LikeButton.h */ = {isa = PBXFileReference; fileEncoding = 4; lastKnownFileType = sourcecode.c.h; path = LikeButton.h; sourceTree = "<group>"; };
		19FCDED31AA4EFF5004142AD /* LikeButton.m */ = {isa = PBXFileReference; fileEncoding = 4; lastKnownFileType = sourcecode.c.objc; path = LikeButton.m; sourceTree = "<group>"; };
		19FD681D1AA7B9BA00C1A977 /* PostToInstagramViewController.h */ = {isa = PBXFileReference; fileEncoding = 4; lastKnownFileType = sourcecode.c.h; path = PostToInstagramViewController.h; sourceTree = "<group>"; };
		19FD681E1AA7B9BA00C1A977 /* PostToInstagramViewController.m */ = {isa = PBXFileReference; fileEncoding = 4; lastKnownFileType = sourcecode.c.objc; path = PostToInstagramViewController.m; sourceTree = "<group>"; };
		19FD68201AA7E23500C1A977 /* UserTest.m */ = {isa = PBXFileReference; fileEncoding = 4; lastKnownFileType = sourcecode.c.objc; path = UserTest.m; sourceTree = "<group>"; };
		19FD68221AA7E5BC00C1A977 /* CommentTests.m */ = {isa = PBXFileReference; fileEncoding = 4; lastKnownFileType = sourcecode.c.objc; path = CommentTests.m; sourceTree = "<group>"; };
		19FD68241AA7E69A00C1A977 /* MediaTests.m */ = {isa = PBXFileReference; fileEncoding = 4; lastKnownFileType = sourcecode.c.objc; path = MediaTests.m; sourceTree = "<group>"; };
		19FD68261AA813A900C1A977 /* ComposeCommentViewTest.m */ = {isa = PBXFileReference; fileEncoding = 4; lastKnownFileType = sourcecode.c.objc; path = ComposeCommentViewTest.m; sourceTree = "<group>"; };
		19FD68281AA815BB00C1A977 /* MediaTableViewCellTest.m */ = {isa = PBXFileReference; fileEncoding = 4; lastKnownFileType = sourcecode.c.objc; path = MediaTableViewCellTest.m; sourceTree = "<group>"; };
		1D33DFD8AEEE94191067A614 /* Pods.debug.xcconfig */ = {isa = PBXFileReference; includeInIndex = 1; lastKnownFileType = text.xcconfig; name = Pods.debug.xcconfig; path = "Pods/Target Support Files/Pods/Pods.debug.xcconfig"; sourceTree = "<group>"; };
		24F742F290190B5B5C80F0D2 /* Pods.release.xcconfig */ = {isa = PBXFileReference; includeInIndex = 1; lastKnownFileType = text.xcconfig; name = Pods.release.xcconfig; path = "Pods/Target Support Files/Pods/Pods.release.xcconfig"; sourceTree = "<group>"; };
/* End PBXFileReference section */

/* Begin PBXFrameworksBuildPhase section */
		195A2F801A9BBC4800E0D92F /* Frameworks */ = {
			isa = PBXFrameworksBuildPhase;
			buildActionMask = 2147483647;
			files = (
				15B261D3CDB6D3786F739936 /* libPods.a in Frameworks */,
			);
			runOnlyForDeploymentPostprocessing = 0;
		};
		195A2F991A9BBC4800E0D92F /* Frameworks */ = {
			isa = PBXFrameworksBuildPhase;
			buildActionMask = 2147483647;
			files = (
			);
			runOnlyForDeploymentPostprocessing = 0;
		};
/* End PBXFrameworksBuildPhase section */

/* Begin PBXGroup section */
		195A2F7A1A9BBC4800E0D92F = {
			isa = PBXGroup;
			children = (
				195A2F851A9BBC4800E0D92F /* Blocstagram */,
				195A2F9F1A9BBC4800E0D92F /* BlocstagramTests */,
				195A2F841A9BBC4800E0D92F /* Products */,
				D9A63FF231E8C9CF528F4D92 /* Pods */,
				E234EC8F0FD7785695A76610 /* Frameworks */,
			);
			sourceTree = "<group>";
		};
		195A2F841A9BBC4800E0D92F /* Products */ = {
			isa = PBXGroup;
			children = (
				195A2F831A9BBC4800E0D92F /* Blocstagram.app */,
				195A2F9C1A9BBC4800E0D92F /* BlocstagramTests.xctest */,
			);
			name = Products;
			sourceTree = "<group>";
		};
		195A2F851A9BBC4800E0D92F /* Blocstagram */ = {
			isa = PBXGroup;
			children = (
				195A2FAC1A9BBCF100E0D92F /* Images */,
				195A2F8A1A9BBC4800E0D92F /* AppDelegate.h */,
				195A2F8B1A9BBC4800E0D92F /* AppDelegate.m */,
				191D41861AA63E60005C3F8A /* CameraToolbar.h */,
				191D41871AA63E60005C3F8A /* CameraToolbar.m */,
				191D41891AA646B5005C3F8A /* CameraViewController.h */,
				191D418A1AA646B5005C3F8A /* CameraViewController.m */,
				19FCDECF1AA4E5DD004142AD /* CircleSpinnerView.h */,
				19FCDED01AA4E5DD004142AD /* CircleSpinnerView.m */,
				195A2FCA1A9BD51C00E0D92F /* Comment.h */,
				195A2FCB1A9BD51C00E0D92F /* Comment.m */,
				190928571AA52D6600BB2F7A /* ComposeCommentView.h */,
				190928581AA52D6600BB2F7A /* ComposeCommentView.m */,
				191D418F1AA6D991005C3F8A /* CropBox.h */,
				191D41901AA6D991005C3F8A /* CropBox.m */,
				191D41921AA6DD30005C3F8A /* CropImageViewController.h */,
				191D41931AA6DD30005C3F8A /* CropImageViewController.m */,
				195A2FCD1A9BD60F00E0D92F /* DataSource.h */,
				195A2FCE1A9BD60F00E0D92F /* DataSource.m */,
				191D41951AA6DF46005C3F8A /* ImageLibraryViewController.h */,
				191D41961AA6DF46005C3F8A /* ImageLibraryViewController.m */,
				195A2FC11A9BBD7C00E0D92F /* ImagesTableViewController.h */,
				195A2FC21A9BBD7C00E0D92F /* ImagesTableViewController.m */,
				19FCDED21AA4EFF5004142AD /* LikeButton.h */,
				19FCDED31AA4EFF5004142AD /* LikeButton.m */,
				1909273B1A9FADD0002957C7 /* LoginViewController.h */,
				1909273C1A9FADD0002957C7 /* LoginViewController.m */,
				195A2FC71A9BD40400E0D92F /* Media.h */,
				195A2FC81A9BD40400E0D92F /* Media.m */,
				1952DBB91AA2FA590074DD5A /* MediaFullScreenAnimator.h */,
				1952DBBA1AA2FA590074DD5A /* MediaFullScreenAnimator.m */,
				195A85A81AA2E59C00CA5CD6 /* MediaFullScreenViewController.h */,
				195A85A91AA2E59C00CA5CD6 /* MediaFullScreenViewController.m */,
				1937D5491A9C4EB400DABD73 /* MediaTableViewCell.h */,
				1937D54A1A9C4EB400DABD73 /* MediaTableViewCell.m */,
				19FD681D1AA7B9BA00C1A977 /* PostToInstagramViewController.h */,
				19FD681E1AA7B9BA00C1A977 /* PostToInstagramViewController.m */,
				191D418C1AA67474005C3F8A /* UIImage+ImageUtilities.h */,
				191D418D1AA67474005C3F8A /* UIImage+ImageUtilities.m */,
				195A2FC41A9BD33F00E0D92F /* User.h */,
				195A2FC51A9BD33F00E0D92F /* User.m */,
				195A2F8D1A9BBC4800E0D92F /* ViewController.h */,
				195A2F8E1A9BBC4800E0D92F /* ViewController.m */,
				195A2F931A9BBC4800E0D92F /* Images.xcassets */,
				195A2F951A9BBC4800E0D92F /* LaunchScreen.xib */,
				195A2F861A9BBC4800E0D92F /* Supporting Files */,
			);
			path = Blocstagram;
			sourceTree = "<group>";
		};
		195A2F861A9BBC4800E0D92F /* Supporting Files */ = {
			isa = PBXGroup;
			children = (
				195A2F871A9BBC4800E0D92F /* Info.plist */,
				195A2F881A9BBC4800E0D92F /* main.m */,
			);
			name = "Supporting Files";
			sourceTree = "<group>";
		};
		195A2F9F1A9BBC4800E0D92F /* BlocstagramTests */ = {
			isa = PBXGroup;
			children = (
				195A2FA21A9BBC4800E0D92F /* BlocstagramTests.m */,
				19FD68261AA813A900C1A977 /* ComposeCommentViewTest.m */,
				19FD68221AA7E5BC00C1A977 /* CommentTests.m */,
				19FD68281AA815BB00C1A977 /* MediaTableViewCellTest.m */,
				19FD68241AA7E69A00C1A977 /* MediaTests.m */,
				19FD68201AA7E23500C1A977 /* UserTest.m */,
				195A2FA01A9BBC4800E0D92F /* Supporting Files */,
			);
			path = BlocstagramTests;
			sourceTree = "<group>";
		};
		195A2FA01A9BBC4800E0D92F /* Supporting Files */ = {
			isa = PBXGroup;
			children = (
				195A2FA11A9BBC4800E0D92F /* Info.plist */,
			);
			name = "Supporting Files";
			sourceTree = "<group>";
		};
		195A2FAC1A9BBCF100E0D92F /* Images */ = {
			isa = PBXGroup;
			children = (
				195A2FAD1A9BBD2A00E0D92F /* 1.jpg */,
				195A2FAE1A9BBD2A00E0D92F /* 2.jpg */,
				195A2FAF1A9BBD2A00E0D92F /* 3.jpg */,
				195A2FB01A9BBD2A00E0D92F /* 4.jpg */,
				195A2FB11A9BBD2A00E0D92F /* 5.jpg */,
				195A2FB21A9BBD2A00E0D92F /* 6.jpg */,
				195A2FB31A9BBD2A00E0D92F /* 7.jpg */,
				195A2FB41A9BBD2A00E0D92F /* 8.jpg */,
				195A2FB51A9BBD2A00E0D92F /* 9.jpg */,
				195A2FB61A9BBD2A00E0D92F /* 10.jpg */,
			);
			name = Images;
			sourceTree = "<group>";
		};
		D9A63FF231E8C9CF528F4D92 /* Pods */ = {
			isa = PBXGroup;
			children = (
				1D33DFD8AEEE94191067A614 /* Pods.debug.xcconfig */,
				24F742F290190B5B5C80F0D2 /* Pods.release.xcconfig */,
			);
			name = Pods;
			sourceTree = "<group>";
		};
		E234EC8F0FD7785695A76610 /* Frameworks */ = {
			isa = PBXGroup;
			children = (
				0087DEE122753755F6299178 /* libPods.a */,
			);
			name = Frameworks;
			sourceTree = "<group>";
		};
/* End PBXGroup section */

/* Begin PBXNativeTarget section */
		195A2F821A9BBC4800E0D92F /* Blocstagram */ = {
			isa = PBXNativeTarget;
			buildConfigurationList = 195A2FA61A9BBC4800E0D92F /* Build configuration list for PBXNativeTarget "Blocstagram" */;
			buildPhases = (
				386306E6DD4DAAC8C2DDE152 /* Check Pods Manifest.lock */,
				195A2F7F1A9BBC4800E0D92F /* Sources */,
				195A2F801A9BBC4800E0D92F /* Frameworks */,
				195A2F811A9BBC4800E0D92F /* Resources */,
				B7D8F3CFA61813959D18F89E /* Copy Pods Resources */,
			);
			buildRules = (
			);
			dependencies = (
			);
			name = Blocstagram;
			productName = Blocstagram;
			productReference = 195A2F831A9BBC4800E0D92F /* Blocstagram.app */;
			productType = "com.apple.product-type.application";
		};
		195A2F9B1A9BBC4800E0D92F /* BlocstagramTests */ = {
			isa = PBXNativeTarget;
			buildConfigurationList = 195A2FA91A9BBC4800E0D92F /* Build configuration list for PBXNativeTarget "BlocstagramTests" */;
			buildPhases = (
				195A2F981A9BBC4800E0D92F /* Sources */,
				195A2F991A9BBC4800E0D92F /* Frameworks */,
				195A2F9A1A9BBC4800E0D92F /* Resources */,
			);
			buildRules = (
			);
			dependencies = (
				195A2F9E1A9BBC4800E0D92F /* PBXTargetDependency */,
			);
			name = BlocstagramTests;
			productName = BlocstagramTests;
			productReference = 195A2F9C1A9BBC4800E0D92F /* BlocstagramTests.xctest */;
			productType = "com.apple.product-type.bundle.unit-test";
		};
/* End PBXNativeTarget section */

/* Begin PBXProject section */
		195A2F7B1A9BBC4800E0D92F /* Project object */ = {
			isa = PBXProject;
			attributes = {
				LastUpgradeCheck = 0610;
				ORGANIZATIONNAME = Bloc;
				TargetAttributes = {
					195A2F821A9BBC4800E0D92F = {
						CreatedOnToolsVersion = 6.1.1;
					};
					195A2F9B1A9BBC4800E0D92F = {
						CreatedOnToolsVersion = 6.1.1;
						TestTargetID = 195A2F821A9BBC4800E0D92F;
					};
				};
			};
			buildConfigurationList = 195A2F7E1A9BBC4800E0D92F /* Build configuration list for PBXProject "Blocstagram" */;
			compatibilityVersion = "Xcode 3.2";
			developmentRegion = English;
			hasScannedForEncodings = 0;
			knownRegions = (
				en,
				Base,
			);
			mainGroup = 195A2F7A1A9BBC4800E0D92F;
			productRefGroup = 195A2F841A9BBC4800E0D92F /* Products */;
			projectDirPath = "";
			projectRoot = "";
			targets = (
				195A2F821A9BBC4800E0D92F /* Blocstagram */,
				195A2F9B1A9BBC4800E0D92F /* BlocstagramTests */,
			);
		};
/* End PBXProject section */

/* Begin PBXResourcesBuildPhase section */
		195A2F811A9BBC4800E0D92F /* Resources */ = {
			isa = PBXResourcesBuildPhase;
			buildActionMask = 2147483647;
			files = (
				195A2FBF1A9BBD2A00E0D92F /* 9.jpg in Resources */,
				195A2FBE1A9BBD2A00E0D92F /* 8.jpg in Resources */,
				195A2FBA1A9BBD2A00E0D92F /* 4.jpg in Resources */,
				195A2FB91A9BBD2A00E0D92F /* 3.jpg in Resources */,
				195A2FBC1A9BBD2A00E0D92F /* 6.jpg in Resources */,
				195A2FB71A9BBD2A00E0D92F /* 1.jpg in Resources */,
				195A2F971A9BBC4800E0D92F /* LaunchScreen.xib in Resources */,
				195A2FBB1A9BBD2A00E0D92F /* 5.jpg in Resources */,
				195A2FBD1A9BBD2A00E0D92F /* 7.jpg in Resources */,
				195A2FB81A9BBD2A00E0D92F /* 2.jpg in Resources */,
				195A2FC01A9BBD2A00E0D92F /* 10.jpg in Resources */,
				195A2F941A9BBC4800E0D92F /* Images.xcassets in Resources */,
			);
			runOnlyForDeploymentPostprocessing = 0;
		};
		195A2F9A1A9BBC4800E0D92F /* Resources */ = {
			isa = PBXResourcesBuildPhase;
			buildActionMask = 2147483647;
			files = (
			);
			runOnlyForDeploymentPostprocessing = 0;
		};
/* End PBXResourcesBuildPhase section */

/* Begin PBXShellScriptBuildPhase section */
		386306E6DD4DAAC8C2DDE152 /* Check Pods Manifest.lock */ = {
			isa = PBXShellScriptBuildPhase;
			buildActionMask = 2147483647;
			files = (
			);
			inputPaths = (
			);
			name = "Check Pods Manifest.lock";
			outputPaths = (
			);
			runOnlyForDeploymentPostprocessing = 0;
			shellPath = /bin/sh;
			shellScript = "diff \"${PODS_ROOT}/../Podfile.lock\" \"${PODS_ROOT}/Manifest.lock\" > /dev/null\nif [[ $? != 0 ]] ; then\n    cat << EOM\nerror: The sandbox is not in sync with the Podfile.lock. Run 'pod install' or update your CocoaPods installation.\nEOM\n    exit 1\nfi\n";
			showEnvVarsInLog = 0;
		};
		B7D8F3CFA61813959D18F89E /* Copy Pods Resources */ = {
			isa = PBXShellScriptBuildPhase;
			buildActionMask = 2147483647;
			files = (
			);
			inputPaths = (
			);
			name = "Copy Pods Resources";
			outputPaths = (
			);
			runOnlyForDeploymentPostprocessing = 0;
			shellPath = /bin/sh;
			shellScript = "\"${SRCROOT}/Pods/Target Support Files/Pods/Pods-resources.sh\"\n";
			showEnvVarsInLog = 0;
		};
/* End PBXShellScriptBuildPhase section */

/* Begin PBXSourcesBuildPhase section */
		195A2F7F1A9BBC4800E0D92F /* Sources */ = {
			isa = PBXSourcesBuildPhase;
			buildActionMask = 2147483647;
			files = (
				191D41971AA6DF46005C3F8A /* ImageLibraryViewController.m in Sources */,
				195A2FCC1A9BD51C00E0D92F /* Comment.m in Sources */,
				195A2FC91A9BD40400E0D92F /* Media.m in Sources */,
				1937D54B1A9C4EB400DABD73 /* MediaTableViewCell.m in Sources */,
				190928591AA52D6600BB2F7A /* ComposeCommentView.m in Sources */,
				195A2FCF1A9BD60F00E0D92F /* DataSource.m in Sources */,
				1909273D1A9FADD0002957C7 /* LoginViewController.m in Sources */,
				191D41881AA63E60005C3F8A /* CameraToolbar.m in Sources */,
				195A2FC61A9BD33F00E0D92F /* User.m in Sources */,
				195A2F8F1A9BBC4800E0D92F /* ViewController.m in Sources */,
				195A85AA1AA2E59C00CA5CD6 /* MediaFullScreenViewController.m in Sources */,
				191D418B1AA646B5005C3F8A /* CameraViewController.m in Sources */,
				19FCDED41AA4EFF5004142AD /* LikeButton.m in Sources */,
				191D418E1AA67474005C3F8A /* UIImage+ImageUtilities.m in Sources */,
				195A2F8C1A9BBC4800E0D92F /* AppDelegate.m in Sources */,
				191D41941AA6DD30005C3F8A /* CropImageViewController.m in Sources */,
				195A2F891A9BBC4800E0D92F /* main.m in Sources */,
				1952DBBB1AA2FA590074DD5A /* MediaFullScreenAnimator.m in Sources */,
				19FD681F1AA7B9BA00C1A977 /* PostToInstagramViewController.m in Sources */,
				19FCDED11AA4E5DE004142AD /* CircleSpinnerView.m in Sources */,
				195A2FC31A9BBD7C00E0D92F /* ImagesTableViewController.m in Sources */,
				191D41911AA6D991005C3F8A /* CropBox.m in Sources */,
			);
			runOnlyForDeploymentPostprocessing = 0;
		};
		195A2F981A9BBC4800E0D92F /* Sources */ = {
			isa = PBXSourcesBuildPhase;
			buildActionMask = 2147483647;
			files = (
				19FD68291AA815BB00C1A977 /* MediaTableViewCellTest.m in Sources */,
				19FD68211AA7E23500C1A977 /* UserTest.m in Sources */,
				19FD68231AA7E5BC00C1A977 /* CommentTests.m in Sources */,
				19FD68251AA7E69A00C1A977 /* MediaTests.m in Sources */,
				19FD68271AA813A900C1A977 /* ComposeCommentViewTest.m in Sources */,
				195A2FA31A9BBC4800E0D92F /* BlocstagramTests.m in Sources */,
			);
			runOnlyForDeploymentPostprocessing = 0;
		};
/* End PBXSourcesBuildPhase section */

/* Begin PBXTargetDependency section */
		195A2F9E1A9BBC4800E0D92F /* PBXTargetDependency */ = {
			isa = PBXTargetDependency;
			target = 195A2F821A9BBC4800E0D92F /* Blocstagram */;
			targetProxy = 195A2F9D1A9BBC4800E0D92F /* PBXContainerItemProxy */;
		};
/* End PBXTargetDependency section */

/* Begin PBXVariantGroup section */
		195A2F951A9BBC4800E0D92F /* LaunchScreen.xib */ = {
			isa = PBXVariantGroup;
			children = (
				195A2F961A9BBC4800E0D92F /* Base */,
			);
			name = LaunchScreen.xib;
			sourceTree = "<group>";
		};
/* End PBXVariantGroup section */

/* Begin XCBuildConfiguration section */
		195A2FA41A9BBC4800E0D92F /* Debug */ = {
			isa = XCBuildConfiguration;
			buildSettings = {
				ALWAYS_SEARCH_USER_PATHS = NO;
				CLANG_CXX_LANGUAGE_STANDARD = "gnu++0x";
				CLANG_CXX_LIBRARY = "libc++";
				CLANG_ENABLE_MODULES = YES;
				CLANG_ENABLE_OBJC_ARC = YES;
				CLANG_WARN_BOOL_CONVERSION = YES;
				CLANG_WARN_CONSTANT_CONVERSION = YES;
				CLANG_WARN_DIRECT_OBJC_ISA_USAGE = YES_ERROR;
				CLANG_WARN_EMPTY_BODY = YES;
				CLANG_WARN_ENUM_CONVERSION = YES;
				CLANG_WARN_INT_CONVERSION = YES;
				CLANG_WARN_OBJC_ROOT_CLASS = YES_ERROR;
				CLANG_WARN_UNREACHABLE_CODE = YES;
				CLANG_WARN__DUPLICATE_METHOD_MATCH = YES;
				"CODE_SIGN_IDENTITY[sdk=iphoneos*]" = "iPhone Developer";
				COPY_PHASE_STRIP = NO;
				ENABLE_STRICT_OBJC_MSGSEND = YES;
				GCC_C_LANGUAGE_STANDARD = gnu99;
				GCC_DYNAMIC_NO_PIC = NO;
				GCC_OPTIMIZATION_LEVEL = 0;
				GCC_PREPROCESSOR_DEFINITIONS = (
					"DEBUG=1",
					"$(inherited)",
				);
				GCC_SYMBOLS_PRIVATE_EXTERN = NO;
				GCC_WARN_64_TO_32_BIT_CONVERSION = YES;
				GCC_WARN_ABOUT_RETURN_TYPE = YES_ERROR;
				GCC_WARN_UNDECLARED_SELECTOR = YES;
				GCC_WARN_UNINITIALIZED_AUTOS = YES_AGGRESSIVE;
				GCC_WARN_UNUSED_FUNCTION = YES;
				GCC_WARN_UNUSED_VARIABLE = YES;
				IPHONEOS_DEPLOYMENT_TARGET = 8.1;
				MTL_ENABLE_DEBUG_INFO = YES;
				ONLY_ACTIVE_ARCH = YES;
				SDKROOT = iphoneos;
				TARGETED_DEVICE_FAMILY = "1,2";
			};
			name = Debug;
		};
		195A2FA51A9BBC4800E0D92F /* Release */ = {
			isa = XCBuildConfiguration;
			buildSettings = {
				ALWAYS_SEARCH_USER_PATHS = NO;
				CLANG_CXX_LANGUAGE_STANDARD = "gnu++0x";
				CLANG_CXX_LIBRARY = "libc++";
				CLANG_ENABLE_MODULES = YES;
				CLANG_ENABLE_OBJC_ARC = YES;
				CLANG_WARN_BOOL_CONVERSION = YES;
				CLANG_WARN_CONSTANT_CONVERSION = YES;
				CLANG_WARN_DIRECT_OBJC_ISA_USAGE = YES_ERROR;
				CLANG_WARN_EMPTY_BODY = YES;
				CLANG_WARN_ENUM_CONVERSION = YES;
				CLANG_WARN_INT_CONVERSION = YES;
				CLANG_WARN_OBJC_ROOT_CLASS = YES_ERROR;
				CLANG_WARN_UNREACHABLE_CODE = YES;
				CLANG_WARN__DUPLICATE_METHOD_MATCH = YES;
				"CODE_SIGN_IDENTITY[sdk=iphoneos*]" = "iPhone Developer";
				COPY_PHASE_STRIP = YES;
				ENABLE_NS_ASSERTIONS = NO;
				ENABLE_STRICT_OBJC_MSGSEND = YES;
				GCC_C_LANGUAGE_STANDARD = gnu99;
				GCC_WARN_64_TO_32_BIT_CONVERSION = YES;
				GCC_WARN_ABOUT_RETURN_TYPE = YES_ERROR;
				GCC_WARN_UNDECLARED_SELECTOR = YES;
				GCC_WARN_UNINITIALIZED_AUTOS = YES_AGGRESSIVE;
				GCC_WARN_UNUSED_FUNCTION = YES;
				GCC_WARN_UNUSED_VARIABLE = YES;
				IPHONEOS_DEPLOYMENT_TARGET = 8.1;
				MTL_ENABLE_DEBUG_INFO = NO;
				SDKROOT = iphoneos;
				TARGETED_DEVICE_FAMILY = "1,2";
				VALIDATE_PRODUCT = YES;
			};
			name = Release;
		};
		195A2FA71A9BBC4800E0D92F /* Debug */ = {
			isa = XCBuildConfiguration;
			baseConfigurationReference = 1D33DFD8AEEE94191067A614 /* Pods.debug.xcconfig */;
			buildSettings = {
				ASSETCATALOG_COMPILER_APPICON_NAME = AppIcon;
				INFOPLIST_FILE = Blocstagram/Info.plist;
				LD_RUNPATH_SEARCH_PATHS = "$(inherited) @executable_path/Frameworks";
				PRODUCT_NAME = "$(TARGET_NAME)";
			};
			name = Debug;
		};
		195A2FA81A9BBC4800E0D92F /* Release */ = {
			isa = XCBuildConfiguration;
			baseConfigurationReference = 24F742F290190B5B5C80F0D2 /* Pods.release.xcconfig */;
			buildSettings = {
				ASSETCATALOG_COMPILER_APPICON_NAME = AppIcon;
				INFOPLIST_FILE = Blocstagram/Info.plist;
				LD_RUNPATH_SEARCH_PATHS = "$(inherited) @executable_path/Frameworks";
				PRODUCT_NAME = "$(TARGET_NAME)";
			};
			name = Release;
		};
		195A2FAA1A9BBC4800E0D92F /* Debug */ = {
			isa = XCBuildConfiguration;
			buildSettings = {
				BUNDLE_LOADER = "$(TEST_HOST)";
				FRAMEWORK_SEARCH_PATHS = (
					"$(SDKROOT)/Developer/Library/Frameworks",
					"$(inherited)",
				);
				GCC_PREPROCESSOR_DEFINITIONS = (
					"DEBUG=1",
					"$(inherited)",
				);
				INFOPLIST_FILE = BlocstagramTests/Info.plist;
				LD_RUNPATH_SEARCH_PATHS = "$(inherited) @executable_path/Frameworks @loader_path/Frameworks";
				PRODUCT_NAME = "$(TARGET_NAME)";
				TEST_HOST = "$(BUILT_PRODUCTS_DIR)/Blocstagram.app/Blocstagram";
			};
			name = Debug;
		};
		195A2FAB1A9BBC4800E0D92F /* Release */ = {
			isa = XCBuildConfiguration;
			buildSettings = {
				BUNDLE_LOADER = "$(TEST_HOST)";
				FRAMEWORK_SEARCH_PATHS = (
					"$(SDKROOT)/Developer/Library/Frameworks",
					"$(inherited)",
				);
				INFOPLIST_FILE = BlocstagramTests/Info.plist;
				LD_RUNPATH_SEARCH_PATHS = "$(inherited) @executable_path/Frameworks @loader_path/Frameworks";
				PRODUCT_NAME = "$(TARGET_NAME)";
				TEST_HOST = "$(BUILT_PRODUCTS_DIR)/Blocstagram.app/Blocstagram";
			};
			name = Release;
		};
/* End XCBuildConfiguration section */

/* Begin XCConfigurationList section */
		195A2F7E1A9BBC4800E0D92F /* Build configuration list for PBXProject "Blocstagram" */ = {
			isa = XCConfigurationList;
			buildConfigurations = (
				195A2FA41A9BBC4800E0D92F /* Debug */,
				195A2FA51A9BBC4800E0D92F /* Release */,
			);
			defaultConfigurationIsVisible = 0;
			defaultConfigurationName = Release;
		};
		195A2FA61A9BBC4800E0D92F /* Build configuration list for PBXNativeTarget "Blocstagram" */ = {
			isa = XCConfigurationList;
			buildConfigurations = (
				195A2FA71A9BBC4800E0D92F /* Debug */,
				195A2FA81A9BBC4800E0D92F /* Release */,
			);
			defaultConfigurationIsVisible = 0;
			defaultConfigurationName = Release;
		};
		195A2FA91A9BBC4800E0D92F /* Build configuration list for PBXNativeTarget "BlocstagramTests" */ = {
			isa = XCConfigurationList;
			buildConfigurations = (
				195A2FAA1A9BBC4800E0D92F /* Debug */,
				195A2FAB1A9BBC4800E0D92F /* Release */,
			);
			defaultConfigurationIsVisible = 0;
			defaultConfigurationName = Release;
		};
/* End XCConfigurationList section */
	};
	rootObject = 195A2F7B1A9BBC4800E0D92F /* Project object */;
}
